
Microsoft Visual Studio Solution File, Format Version 12.00
# Visual Studio Version 16
VisualStudioVersion = 16.0.32126.315
MinimumVisualStudioVersion = 10.0.40219.1
Project("{8BC9CEB8-8B4A-11D0-8D11-00A0C91BC942}") = "TMP_lab_No4_proc", "TMP_lab_No4_proc\TMP_lab_No4_proc.vcxproj", "{52A11BB9-7552-4DAC-A62A-181A7C3D6EAC}"
EndProject
Project("{8BC9CEB8-8B4A-11D0-8D11-00A0C91BC942}") = "UnitTestTMPlab4_Proc", "UnitTestTMPlab4_Proc\UnitTestTMPlab4_Proc.vcxproj", "{669BA391-288B-447F-A81A-DB8F5E112819}"
EndProject
Global
	GlobalSection(SolutionConfigurationPlatforms) = preSolution
		Debug|x64 = Debug|x64
		Debug|x86 = Debug|x86
		Release|x64 = Release|x64
		Release|x86 = Release|x86
	EndGlobalSection
	GlobalSection(ProjectConfigurationPlatforms) = postSolution
		{52A11BB9-7552-4DAC-A62A-181A7C3D6EAC}.Debug|x64.ActiveCfg = Debug|x64
		{52A11BB9-7552-4DAC-A62A-181A7C3D6EAC}.Debug|x64.Build.0 = Debug|x64
		{52A11BB9-7552-4DAC-A62A-181A7C3D6EAC}.Debug|x86.ActiveCfg = Debug|Win32
		{52A11BB9-7552-4DAC-A62A-181A7C3D6EAC}.Debug|x86.Build.0 = Debug|Win32
		{52A11BB9-7552-4DAC-A62A-181A7C3D6EAC}.Release|x64.ActiveCfg = Release|x64
		{52A11BB9-7552-4DAC-A62A-181A7C3D6EAC}.Release|x64.Build.0 = Release|x64
		{52A11BB9-7552-4DAC-A62A-181A7C3D6EAC}.Release|x86.ActiveCfg = Release|Win32
		{52A11BB9-7552-4DAC-A62A-181A7C3D6EAC}.Release|x86.Build.0 = Release|Win32
		{669BA391-288B-447F-A81A-DB8F5E112819}.Debug|x64.ActiveCfg = Debug|x64
		{669BA391-288B-447F-A81A-DB8F5E112819}.Debug|x64.Build.0 = Debug|x64
		{669BA391-288B-447F-A81A-DB8F5E112819}.Debug|x86.ActiveCfg = Debug|Win32
		{669BA391-288B-447F-A81A-DB8F5E112819}.Debug|x86.Build.0 = Debug|Win32
		{669BA391-288B-447F-A81A-DB8F5E112819}.Release|x64.ActiveCfg = Release|x64
		{669BA391-288B-447F-A81A-DB8F5E112819}.Release|x64.Build.0 = Release|x64
		{669BA391-288B-447F-A81A-DB8F5E112819}.Release|x86.ActiveCfg = Release|Win32
		{669BA391-288B-447F-A81A-DB8F5E112819}.Release|x86.Build.0 = Release|Win32
	EndGlobalSection
	GlobalSection(SolutionProperties) = preSolution
		HideSolutionNode = FALSE
	EndGlobalSection
	GlobalSection(ExtensibilityGlobals) = postSolution
		SolutionGuid = {47AB06CE-217F-4120-BCFF-E55727E1EE25}
	EndGlobalSection
EndGlobal
